
Microsoft Visual Studio Solution File, Format Version 12.00
# Visual Studio Version 16
VisualStudioVersion = 16.0.29613.14
MinimumVisualStudioVersion = 10.0.40219.1
Project("{9A19103F-16F7-4668-BE54-9A1E7A4F7556}") = "CoreProject", "CoreProject\CoreProject.csproj", "{8F8F779A-34A5-4B07-9589-C7506DC13FBF}"
EndProject
Project("{2150E333-8FDC-42A3-9474-1A3956D46DE8}") = "Procesos Distribuidos", "Procesos Distribuidos", "{3268AB66-711F-4984-B912-5B09E9470E42}"
EndProject
Project("{2150E333-8FDC-42A3-9474-1A3956D46DE8}") = "Dominios", "Dominios", "{644C4B42-5274-4EF1-8D8F-32AC56E7C1A1}"
EndProject
Project("{2150E333-8FDC-42A3-9474-1A3956D46DE8}") = "Core", "Core", "{4C58DE37-5F04-4904-995D-53D96CF101F5}"
EndProject
Project("{9A19103F-16F7-4668-BE54-9A1E7A4F7556}") = "Core.Data", "Core.Data\Core.Data.csproj", "{8A5308DC-4F6D-422C-9F79-CFB524B96E73}"
EndProject
Project("{2150E333-8FDC-42A3-9474-1A3956D46DE8}") = "Infraestructura", "Infraestructura", "{5ADA5224-EA2A-4557-9C44-3D5C925013AF}"
EndProject
Project("{9A19103F-16F7-4668-BE54-9A1E7A4F7556}") = "transport", "transport\transport.csproj", "{AF8DE2EC-CF23-4E65-A28A-2BB9A978600A}"
EndProject
Project("{2150E333-8FDC-42A3-9474-1A3956D46DE8}") = "infraestructura", "infraestructura", "{A507D3F3-A6A7-448E-80D3-E48B8130DFB2}"
EndProject
Project("{2150E333-8FDC-42A3-9474-1A3956D46DE8}") = "application", "application", "{8C04DBA7-5023-4B7F-8D8C-5CF07048AC5E}"
EndProject
Project("{9A19103F-16F7-4668-BE54-9A1E7A4F7556}") = "contracts", "contracts\contracts.csproj", "{198B2D24-0792-4F3C-B020-FF7CAB868039}"
EndProject
Project("{9A19103F-16F7-4668-BE54-9A1E7A4F7556}") = "applications", "applications\applications.csproj", "{7B44969B-7A85-4A33-BDCA-06099CE386C2}"
EndProject
Project("{2150E333-8FDC-42A3-9474-1A3956D46DE8}") = "contexto acotado", "contexto acotado", "{0CDF4CFE-D4EC-4CEC-BBED-6F4559CB77B8}"
EndProject
Project("{2150E333-8FDC-42A3-9474-1A3956D46DE8}") = "transporte", "transporte", "{B17F4419-8916-4C0F-B3BD-964D2FC7C4BF}"
EndProject
Project("{FAE04EC0-301F-11D3-BF4B-00C04F79EFBC}") = "Core.Data.Contracts", "Core.Data.Contracts\Core.Data.Contracts.csproj", "{E1760475-DD26-4472-AA8B-5D421F3BA050}"
EndProject
Global
	GlobalSection(SolutionConfigurationPlatforms) = preSolution
		Debug|Any CPU = Debug|Any CPU
		Release|Any CPU = Release|Any CPU
	EndGlobalSection
	GlobalSection(ProjectConfigurationPlatforms) = postSolution
		{8F8F779A-34A5-4B07-9589-C7506DC13FBF}.Debug|Any CPU.ActiveCfg = Debug|Any CPU
		{8F8F779A-34A5-4B07-9589-C7506DC13FBF}.Debug|Any CPU.Build.0 = Debug|Any CPU
		{8F8F779A-34A5-4B07-9589-C7506DC13FBF}.Release|Any CPU.ActiveCfg = Release|Any CPU
		{8F8F779A-34A5-4B07-9589-C7506DC13FBF}.Release|Any CPU.Build.0 = Release|Any CPU
		{8A5308DC-4F6D-422C-9F79-CFB524B96E73}.Debug|Any CPU.ActiveCfg = Debug|Any CPU
		{8A5308DC-4F6D-422C-9F79-CFB524B96E73}.Debug|Any CPU.Build.0 = Debug|Any CPU
		{8A5308DC-4F6D-422C-9F79-CFB524B96E73}.Release|Any CPU.ActiveCfg = Release|Any CPU
		{8A5308DC-4F6D-422C-9F79-CFB524B96E73}.Release|Any CPU.Build.0 = Release|Any CPU
		{AF8DE2EC-CF23-4E65-A28A-2BB9A978600A}.Debug|Any CPU.ActiveCfg = Debug|Any CPU
		{AF8DE2EC-CF23-4E65-A28A-2BB9A978600A}.Debug|Any CPU.Build.0 = Debug|Any CPU
		{AF8DE2EC-CF23-4E65-A28A-2BB9A978600A}.Release|Any CPU.ActiveCfg = Release|Any CPU
		{AF8DE2EC-CF23-4E65-A28A-2BB9A978600A}.Release|Any CPU.Build.0 = Release|Any CPU
		{198B2D24-0792-4F3C-B020-FF7CAB868039}.Debug|Any CPU.ActiveCfg = Debug|Any CPU
		{198B2D24-0792-4F3C-B020-FF7CAB868039}.Debug|Any CPU.Build.0 = Debug|Any CPU
		{198B2D24-0792-4F3C-B020-FF7CAB868039}.Release|Any CPU.ActiveCfg = Release|Any CPU
		{198B2D24-0792-4F3C-B020-FF7CAB868039}.Release|Any CPU.Build.0 = Release|Any CPU
		{7B44969B-7A85-4A33-BDCA-06099CE386C2}.Debug|Any CPU.ActiveCfg = Debug|Any CPU
		{7B44969B-7A85-4A33-BDCA-06099CE386C2}.Debug|Any CPU.Build.0 = Debug|Any CPU
		{7B44969B-7A85-4A33-BDCA-06099CE386C2}.Release|Any CPU.ActiveCfg = Release|Any CPU
		{7B44969B-7A85-4A33-BDCA-06099CE386C2}.Release|Any CPU.Build.0 = Release|Any CPU
		{E1760475-DD26-4472-AA8B-5D421F3BA050}.Debug|Any CPU.ActiveCfg = Debug|Any CPU
		{E1760475-DD26-4472-AA8B-5D421F3BA050}.Debug|Any CPU.Build.0 = Debug|Any CPU
		{E1760475-DD26-4472-AA8B-5D421F3BA050}.Release|Any CPU.ActiveCfg = Release|Any CPU
		{E1760475-DD26-4472-AA8B-5D421F3BA050}.Release|Any CPU.Build.0 = Release|Any CPU
	EndGlobalSection
	GlobalSection(SolutionProperties) = preSolution
		HideSolutionNode = FALSE
	EndGlobalSection
	GlobalSection(NestedProjects) = preSolution
		{644C4B42-5274-4EF1-8D8F-32AC56E7C1A1} = {0CDF4CFE-D4EC-4CEC-BBED-6F4559CB77B8}
		{4C58DE37-5F04-4904-995D-53D96CF101F5} = {644C4B42-5274-4EF1-8D8F-32AC56E7C1A1}
		{8A5308DC-4F6D-422C-9F79-CFB524B96E73} = {A507D3F3-A6A7-448E-80D3-E48B8130DFB2}
		{AF8DE2EC-CF23-4E65-A28A-2BB9A978600A} = {B17F4419-8916-4C0F-B3BD-964D2FC7C4BF}
		{A507D3F3-A6A7-448E-80D3-E48B8130DFB2} = {4C58DE37-5F04-4904-995D-53D96CF101F5}
		{8C04DBA7-5023-4B7F-8D8C-5CF07048AC5E} = {4C58DE37-5F04-4904-995D-53D96CF101F5}
		{198B2D24-0792-4F3C-B020-FF7CAB868039} = {8C04DBA7-5023-4B7F-8D8C-5CF07048AC5E}
		{7B44969B-7A85-4A33-BDCA-06099CE386C2} = {8C04DBA7-5023-4B7F-8D8C-5CF07048AC5E}
		{0CDF4CFE-D4EC-4CEC-BBED-6F4559CB77B8} = {3268AB66-711F-4984-B912-5B09E9470E42}
		{B17F4419-8916-4C0F-B3BD-964D2FC7C4BF} = {5ADA5224-EA2A-4557-9C44-3D5C925013AF}
		{E1760475-DD26-4472-AA8B-5D421F3BA050} = {A507D3F3-A6A7-448E-80D3-E48B8130DFB2}
	EndGlobalSection
	GlobalSection(ExtensibilityGlobals) = postSolution
		SolutionGuid = {0FC259F3-F8EA-40A9-A75C-2E67459F6560}
	EndGlobalSection
EndGlobal
